<?xml version="1.0" encoding="UTF-8" standalone="yes" ?>
<CodeBlocks_project_file>
	<FileVersion major="1" minor="6" />
	<Project>
		<Option title="ECEMON" />
		<Option pch_mode="2" />
		<Option compiler="gcc" />
		<Build>
			<Target title="Debug">
				<Option output="bin/Debug/ECEMON" prefix_auto="1" extension_auto="1" />
				<Option object_output="obj/Debug/" />
				<Option type="1" />
				<Option compiler="gcc" />
				<Compiler>
					<Add option="-g" />
					<Add directory="../ECEMON" />
				</Compiler>
			</Target>
			<Target title="Release">
				<Option output="bin/Release/ECEMON" prefix_auto="1" extension_auto="1" />
				<Option object_output="obj/Release/" />
				<Option type="1" />
				<Option compiler="gcc" />
				<Compiler>
					<Add option="-O2" />
					<Add directory="../ECEMON" />
				</Compiler>
				<Linker>
					<Add option="-s" />
				</Linker>
			</Target>
		</Build>
		<Compiler>
			<Add option="-Wall" />
			<Add option="-fexceptions" />
		</Compiler>
		<Unit filename="Arbaletrier.cpp" />
		<Unit filename="Arbaletrier.h" />
		<Unit filename="Archer.cpp" />
		<Unit filename="Archer.h" />
		<Unit filename="Arthur_Pendragon.cpp" />
		<Unit filename="Arthur_Pendragon.h" />
		<Unit filename="Attaque.cpp" />
		<Unit filename="Attaque.h" />
		<Unit filename="Belier.cpp" />
		<Unit filename="Belier.h" />
		<Unit filename="Buffer.h" />
		<Unit filename="Carte.cpp" />
		<Unit filename="Carte.h" />
		<Unit filename="Catapulte.cpp" />
		<Unit filename="Catapulte.h" />
		<Unit filename="Cavalier.cpp" />
		<Unit filename="Cavalier.h" />
		<Unit filename="Creature.cpp" />
		<Unit filename="Creature.h" />
		<Unit filename="Energie.cpp" />
		<Unit filename="Energie.h" />
		<Unit filename="Guerrier.cpp" />
		<Unit filename="Guerrier.h" />
		<Unit filename="JEU.h" />
		<Unit filename="Jeanne_D_arc.cpp" />
		<Unit filename="Jeanne_D_arc.h" />
		<Unit filename="Joueur.cpp" />
		<Unit filename="Joueur.h" />
		<Unit filename="Lancelot_duLac.cpp" />
		<Unit filename="Lancelot_duLac.h" />
		<Unit filename="Match.cpp" />
		<Unit filename="Match.h" />
		<Unit filename="Speciale.cpp" />
		<Unit filename="Speciale.h" />
		<Unit filename="console.cpp" />
		<Unit filename="console.h" />
		<Unit filename="main.cpp" />
		<Extensions>
			<code_completion />
			<envvars />
			<debugger />
			<lib_finder disable_auto="1" />
		</Extensions>
	</Project>
</CodeBlocks_project_file>
